PODS:
  - FFCommonWidget (0.1.6):
    - FFCommonWidget/FFPhotoSelected (= 0.1.6)
  - FFCommonWidget/FFPhotoSelected (0.1.6)

DEPENDENCIES:
  - FFCommonWidget (from `../`)

EXTERNAL SOURCES:
  FFCommonWidget:
    :path: "../"

SPEC CHECKSUMS:
  FFCommonWidget: 827207fbb6c0fb5430609369921eea5ca12a3931

PODFILE CHECKSUM: e4d86b4db97c523c0303ac551472b95685c131a6

COCOAPODS: 1.2.0
